
Microsoft Visual Studio Solution File, Format Version 12.00
# Visual Studio Version 16
VisualStudioVersion = 16.0.30907.101
MinimumVisualStudioVersion = 10.0.40219.1
Project("{FAE04EC0-301F-11D3-BF4B-00C04F79EFBC}") = "LazyViewSample.UWP", "LazyViewSample\LazyViewSample.UWP\LazyViewSample.UWP.csproj", "{E7C0BB0F-2A36-4512-99B6-2C18A199F282}"
EndProject
Project("{FAE04EC0-301F-11D3-BF4B-00C04F79EFBC}") = "LazyViewSample.Android", "LazyViewSample\LazyViewSample.Android\LazyViewSample.Android.csproj", "{4AF03352-B24B-4616-A4D5-5A9D81A19F29}"
EndProject
Project("{FAE04EC0-301F-11D3-BF4B-00C04F79EFBC}") = "LazyViewSample.iOS", "LazyViewSample\LazyViewSample.iOS\LazyViewSample.iOS.csproj", "{6EA8AEB1-CBB5-4270-8546-20F8CEC35723}"
EndProject
Project("{FAE04EC0-301F-11D3-BF4B-00C04F79EFBC}") = "LazyViewSample", "LazyViewSample\LazyViewSample\LazyViewSample.csproj", "{490E50F7-CAA1-4006-825D-05799213E5D9}"
EndProject
Global
	GlobalSection(SolutionConfigurationPlatforms) = preSolution
		Debug|Any CPU = Debug|Any CPU
		Debug|ARM = Debug|ARM
		Debug|iPhone = Debug|iPhone
		Debug|iPhoneSimulator = Debug|iPhoneSimulator
		Debug|x64 = Debug|x64
		Debug|x86 = Debug|x86
		Release|Any CPU = Release|Any CPU
		Release|ARM = Release|ARM
		Release|iPhone = Release|iPhone
		Release|iPhoneSimulator = Release|iPhoneSimulator
		Release|x64 = Release|x64
		Release|x86 = Release|x86
	EndGlobalSection
	GlobalSection(ProjectConfigurationPlatforms) = postSolution
		{E7C0BB0F-2A36-4512-99B6-2C18A199F282}.Debug|Any CPU.ActiveCfg = Debug|x86
		{E7C0BB0F-2A36-4512-99B6-2C18A199F282}.Debug|Any CPU.Build.0 = Debug|x86
		{E7C0BB0F-2A36-4512-99B6-2C18A199F282}.Debug|Any CPU.Deploy.0 = Debug|x86
		{E7C0BB0F-2A36-4512-99B6-2C18A199F282}.Debug|ARM.ActiveCfg = Debug|ARM
		{E7C0BB0F-2A36-4512-99B6-2C18A199F282}.Debug|ARM.Build.0 = Debug|ARM
		{E7C0BB0F-2A36-4512-99B6-2C18A199F282}.Debug|ARM.Deploy.0 = Debug|ARM
		{E7C0BB0F-2A36-4512-99B6-2C18A199F282}.Debug|iPhone.ActiveCfg = Debug|x86
		{E7C0BB0F-2A36-4512-99B6-2C18A199F282}.Debug|iPhone.Build.0 = Debug|x86
		{E7C0BB0F-2A36-4512-99B6-2C18A199F282}.Debug|iPhone.Deploy.0 = Debug|x86
		{E7C0BB0F-2A36-4512-99B6-2C18A199F282}.Debug|iPhoneSimulator.ActiveCfg = Debug|x86
		{E7C0BB0F-2A36-4512-99B6-2C18A199F282}.Debug|iPhoneSimulator.Build.0 = Debug|x86
		{E7C0BB0F-2A36-4512-99B6-2C18A199F282}.Debug|iPhoneSimulator.Deploy.0 = Debug|x86
		{E7C0BB0F-2A36-4512-99B6-2C18A199F282}.Debug|x64.ActiveCfg = Debug|x64
		{E7C0BB0F-2A36-4512-99B6-2C18A199F282}.Debug|x64.Build.0 = Debug|x64
		{E7C0BB0F-2A36-4512-99B6-2C18A199F282}.Debug|x64.Deploy.0 = Debug|x64
		{E7C0BB0F-2A36-4512-99B6-2C18A199F282}.Debug|x86.ActiveCfg = Debug|x86
		{E7C0BB0F-2A36-4512-99B6-2C18A199F282}.Debug|x86.Build.0 = Debug|x86
		{E7C0BB0F-2A36-4512-99B6-2C18A199F282}.Debug|x86.Deploy.0 = Debug|x86
		{E7C0BB0F-2A36-4512-99B6-2C18A199F282}.Release|Any CPU.ActiveCfg = Release|x86
		{E7C0BB0F-2A36-4512-99B6-2C18A199F282}.Release|Any CPU.Build.0 = Release|x86
		{E7C0BB0F-2A36-4512-99B6-2C18A199F282}.Release|Any CPU.Deploy.0 = Release|x86
		{E7C0BB0F-2A36-4512-99B6-2C18A199F282}.Release|ARM.ActiveCfg = Release|ARM
		{E7C0BB0F-2A36-4512-99B6-2C18A199F282}.Release|ARM.Build.0 = Release|ARM
		{E7C0BB0F-2A36-4512-99B6-2C18A199F282}.Release|ARM.Deploy.0 = Release|ARM
		{E7C0BB0F-2A36-4512-99B6-2C18A199F282}.Release|iPhone.ActiveCfg = Release|x86
		{E7C0BB0F-2A36-4512-99B6-2C18A199F282}.Release|iPhone.Build.0 = Release|x86
		{E7C0BB0F-2A36-4512-99B6-2C18A199F282}.Release|iPhone.Deploy.0 = Release|x86
		{E7C0BB0F-2A36-4512-99B6-2C18A199F282}.Release|iPhoneSimulator.ActiveCfg = Release|x86
		{E7C0BB0F-2A36-4512-99B6-2C18A199F282}.Release|iPhoneSimulator.Build.0 = Release|x86
		{E7C0BB0F-2A36-4512-99B6-2C18A199F282}.Release|iPhoneSimulator.Deploy.0 = Release|x86
		{E7C0BB0F-2A36-4512-99B6-2C18A199F282}.Release|x64.ActiveCfg = Release|x64
		{E7C0BB0F-2A36-4512-99B6-2C18A199F282}.Release|x64.Build.0 = Release|x64
		{E7C0BB0F-2A36-4512-99B6-2C18A199F282}.Release|x64.Deploy.0 = Release|x64
		{E7C0BB0F-2A36-4512-99B6-2C18A199F282}.Release|x86.ActiveCfg = Release|x86
		{E7C0BB0F-2A36-4512-99B6-2C18A199F282}.Release|x86.Build.0 = Release|x86
		{E7C0BB0F-2A36-4512-99B6-2C18A199F282}.Release|x86.Deploy.0 = Release|x86
		{4AF03352-B24B-4616-A4D5-5A9D81A19F29}.Debug|Any CPU.ActiveCfg = Debug|Any CPU
		{4AF03352-B24B-4616-A4D5-5A9D81A19F29}.Debug|Any CPU.Build.0 = Debug|Any CPU
		{4AF03352-B24B-4616-A4D5-5A9D81A19F29}.Debug|Any CPU.Deploy.0 = Debug|Any CPU
		{4AF03352-B24B-4616-A4D5-5A9D81A19F29}.Debug|ARM.ActiveCfg = Debug|Any CPU
		{4AF03352-B24B-4616-A4D5-5A9D81A19F29}.Debug|ARM.Build.0 = Debug|Any CPU
		{4AF03352-B24B-4616-A4D5-5A9D81A19F29}.Debug|ARM.Deploy.0 = Debug|Any CPU
		{4AF03352-B24B-4616-A4D5-5A9D81A19F29}.Debug|iPhone.ActiveCfg = Debug|Any CPU
		{4AF03352-B24B-4616-A4D5-5A9D81A19F29}.Debug|iPhone.Build.0 = Debug|Any CPU
		{4AF03352-B24B-4616-A4D5-5A9D81A19F29}.Debug|iPhone.Deploy.0 = Debug|Any CPU
		{4AF03352-B24B-4616-A4D5-5A9D81A19F29}.Debug|iPhoneSimulator.ActiveCfg = Debug|Any CPU
		{4AF03352-B24B-4616-A4D5-5A9D81A19F29}.Debug|iPhoneSimulator.Build.0 = Debug|Any CPU
		{4AF03352-B24B-4616-A4D5-5A9D81A19F29}.Debug|iPhoneSimulator.Deploy.0 = Debug|Any CPU
		{4AF03352-B24B-4616-A4D5-5A9D81A19F29}.Debug|x64.ActiveCfg = Debug|Any CPU
		{4AF03352-B24B-4616-A4D5-5A9D81A19F29}.Debug|x64.Build.0 = Debug|Any CPU
		{4AF03352-B24B-4616-A4D5-5A9D81A19F29}.Debug|x64.Deploy.0 = Debug|Any CPU
		{4AF03352-B24B-4616-A4D5-5A9D81A19F29}.Debug|x86.ActiveCfg = Debug|Any CPU
		{4AF03352-B24B-4616-A4D5-5A9D81A19F29}.Debug|x86.Build.0 = Debug|Any CPU
		{4AF03352-B24B-4616-A4D5-5A9D81A19F29}.Debug|x86.Deploy.0 = Debug|Any CPU
		{4AF03352-B24B-4616-A4D5-5A9D81A19F29}.Release|Any CPU.ActiveCfg = Release|Any CPU
		{4AF03352-B24B-4616-A4D5-5A9D81A19F29}.Release|Any CPU.Build.0 = Release|Any CPU
		{4AF03352-B24B-4616-A4D5-5A9D81A19F29}.Release|Any CPU.Deploy.0 = Release|Any CPU
		{4AF03352-B24B-4616-A4D5-5A9D81A19F29}.Release|ARM.ActiveCfg = Release|Any CPU
		{4AF03352-B24B-4616-A4D5-5A9D81A19F29}.Release|ARM.Build.0 = Release|Any CPU
		{4AF03352-B24B-4616-A4D5-5A9D81A19F29}.Release|ARM.Deploy.0 = Release|Any CPU
		{4AF03352-B24B-4616-A4D5-5A9D81A19F29}.Release|iPhone.ActiveCfg = Release|Any CPU
		{4AF03352-B24B-4616-A4D5-5A9D81A19F29}.Release|iPhone.Build.0 = Release|Any CPU
		{4AF03352-B24B-4616-A4D5-5A9D81A19F29}.Release|iPhone.Deploy.0 = Release|Any CPU
		{4AF03352-B24B-4616-A4D5-5A9D81A19F29}.Release|iPhoneSimulator.ActiveCfg = Release|Any CPU
		{4AF03352-B24B-4616-A4D5-5A9D81A19F29}.Release|iPhoneSimulator.Build.0 = Release|Any CPU
		{4AF03352-B24B-4616-A4D5-5A9D81A19F29}.Release|iPhoneSimulator.Deploy.0 = Release|Any CPU
		{4AF03352-B24B-4616-A4D5-5A9D81A19F29}.Release|x64.ActiveCfg = Release|Any CPU
		{4AF03352-B24B-4616-A4D5-5A9D81A19F29}.Release|x64.Build.0 = Release|Any CPU
		{4AF03352-B24B-4616-A4D5-5A9D81A19F29}.Release|x64.Deploy.0 = Release|Any CPU
		{4AF03352-B24B-4616-A4D5-5A9D81A19F29}.Release|x86.ActiveCfg = Release|Any CPU
		{4AF03352-B24B-4616-A4D5-5A9D81A19F29}.Release|x86.Build.0 = Release|Any CPU
		{4AF03352-B24B-4616-A4D5-5A9D81A19F29}.Release|x86.Deploy.0 = Release|Any CPU
		{6EA8AEB1-CBB5-4270-8546-20F8CEC35723}.Debug|Any CPU.ActiveCfg = Debug|iPhoneSimulator
		{6EA8AEB1-CBB5-4270-8546-20F8CEC35723}.Debug|Any CPU.Build.0 = Debug|iPhoneSimulator
		{6EA8AEB1-CBB5-4270-8546-20F8CEC35723}.Debug|Any CPU.Deploy.0 = Debug|iPhoneSimulator
		{6EA8AEB1-CBB5-4270-8546-20F8CEC35723}.Debug|ARM.ActiveCfg = Debug|iPhone
		{6EA8AEB1-CBB5-4270-8546-20F8CEC35723}.Debug|ARM.Build.0 = Debug|iPhone
		{6EA8AEB1-CBB5-4270-8546-20F8CEC35723}.Debug|ARM.Deploy.0 = Debug|iPhone
		{6EA8AEB1-CBB5-4270-8546-20F8CEC35723}.Debug|iPhone.ActiveCfg = Debug|iPhone
		{6EA8AEB1-CBB5-4270-8546-20F8CEC35723}.Debug|iPhone.Build.0 = Debug|iPhone
		{6EA8AEB1-CBB5-4270-8546-20F8CEC35723}.Debug|iPhone.Deploy.0 = Debug|iPhone
		{6EA8AEB1-CBB5-4270-8546-20F8CEC35723}.Debug|iPhoneSimulator.ActiveCfg = Debug|iPhoneSimulator
		{6EA8AEB1-CBB5-4270-8546-20F8CEC35723}.Debug|iPhoneSimulator.Build.0 = Debug|iPhoneSimulator
		{6EA8AEB1-CBB5-4270-8546-20F8CEC35723}.Debug|iPhoneSimulator.Deploy.0 = Debug|iPhoneSimulator
		{6EA8AEB1-CBB5-4270-8546-20F8CEC35723}.Debug|x64.ActiveCfg = Debug|iPhoneSimulator
		{6EA8AEB1-CBB5-4270-8546-20F8CEC35723}.Debug|x64.Build.0 = Debug|iPhoneSimulator
		{6EA8AEB1-CBB5-4270-8546-20F8CEC35723}.Debug|x64.Deploy.0 = Debug|iPhoneSimulator
		{6EA8AEB1-CBB5-4270-8546-20F8CEC35723}.Debug|x86.ActiveCfg = Debug|iPhoneSimulator
		{6EA8AEB1-CBB5-4270-8546-20F8CEC35723}.Debug|x86.Build.0 = Debug|iPhoneSimulator
		{6EA8AEB1-CBB5-4270-8546-20F8CEC35723}.Debug|x86.Deploy.0 = Debug|iPhoneSimulator
		{6EA8AEB1-CBB5-4270-8546-20F8CEC35723}.Release|Any CPU.ActiveCfg = Release|iPhoneSimulator
		{6EA8AEB1-CBB5-4270-8546-20F8CEC35723}.Release|Any CPU.Build.0 = Release|iPhoneSimulator
		{6EA8AEB1-CBB5-4270-8546-20F8CEC35723}.Release|Any CPU.Deploy.0 = Release|iPhoneSimulator
		{6EA8AEB1-CBB5-4270-8546-20F8CEC35723}.Release|ARM.ActiveCfg = Release|iPhoneSimulator
		{6EA8AEB1-CBB5-4270-8546-20F8CEC35723}.Release|ARM.Build.0 = Release|iPhoneSimulator
		{6EA8AEB1-CBB5-4270-8546-20F8CEC35723}.Release|ARM.Deploy.0 = Release|iPhoneSimulator
		{6EA8AEB1-CBB5-4270-8546-20F8CEC35723}.Release|iPhone.ActiveCfg = Release|iPhone
		{6EA8AEB1-CBB5-4270-8546-20F8CEC35723}.Release|iPhone.Build.0 = Release|iPhone
		{6EA8AEB1-CBB5-4270-8546-20F8CEC35723}.Release|iPhone.Deploy.0 = Release|iPhone
		{6EA8AEB1-CBB5-4270-8546-20F8CEC35723}.Release|iPhoneSimulator.ActiveCfg = Release|iPhoneSimulator
		{6EA8AEB1-CBB5-4270-8546-20F8CEC35723}.Release|iPhoneSimulator.Build.0 = Release|iPhoneSimulator
		{6EA8AEB1-CBB5-4270-8546-20F8CEC35723}.Release|iPhoneSimulator.Deploy.0 = Release|iPhoneSimulator
		{6EA8AEB1-CBB5-4270-8546-20F8CEC35723}.Release|x64.ActiveCfg = Release|iPhoneSimulator
		{6EA8AEB1-CBB5-4270-8546-20F8CEC35723}.Release|x64.Build.0 = Release|iPhoneSimulator
		{6EA8AEB1-CBB5-4270-8546-20F8CEC35723}.Release|x64.Deploy.0 = Release|iPhoneSimulator
		{6EA8AEB1-CBB5-4270-8546-20F8CEC35723}.Release|x86.ActiveCfg = Release|iPhoneSimulator
		{6EA8AEB1-CBB5-4270-8546-20F8CEC35723}.Release|x86.Build.0 = Release|iPhoneSimulator
		{6EA8AEB1-CBB5-4270-8546-20F8CEC35723}.Release|x86.Deploy.0 = Release|iPhoneSimulator
		{490E50F7-CAA1-4006-825D-05799213E5D9}.Debug|Any CPU.ActiveCfg = Debug|Any CPU
		{490E50F7-CAA1-4006-825D-05799213E5D9}.Debug|Any CPU.Build.0 = Debug|Any CPU
		{490E50F7-CAA1-4006-825D-05799213E5D9}.Debug|Any CPU.Deploy.0 = Debug|Any CPU
		{490E50F7-CAA1-4006-825D-05799213E5D9}.Debug|ARM.ActiveCfg = Debug|Any CPU
		{490E50F7-CAA1-4006-825D-05799213E5D9}.Debug|ARM.Build.0 = Debug|Any CPU
		{490E50F7-CAA1-4006-825D-05799213E5D9}.Debug|ARM.Deploy.0 = Debug|Any CPU
		{490E50F7-CAA1-4006-825D-05799213E5D9}.Debug|iPhone.ActiveCfg = Debug|Any CPU
		{490E50F7-CAA1-4006-825D-05799213E5D9}.Debug|iPhone.Build.0 = Debug|Any CPU
		{490E50F7-CAA1-4006-825D-05799213E5D9}.Debug|iPhone.Deploy.0 = Debug|Any CPU
		{490E50F7-CAA1-4006-825D-05799213E5D9}.Debug|iPhoneSimulator.ActiveCfg = Debug|Any CPU
		{490E50F7-CAA1-4006-825D-05799213E5D9}.Debug|iPhoneSimulator.Build.0 = Debug|Any CPU
		{490E50F7-CAA1-4006-825D-05799213E5D9}.Debug|iPhoneSimulator.Deploy.0 = Debug|Any CPU
		{490E50F7-CAA1-4006-825D-05799213E5D9}.Debug|x64.ActiveCfg = Debug|Any CPU
		{490E50F7-CAA1-4006-825D-05799213E5D9}.Debug|x64.Build.0 = Debug|Any CPU
		{490E50F7-CAA1-4006-825D-05799213E5D9}.Debug|x64.Deploy.0 = Debug|Any CPU
		{490E50F7-CAA1-4006-825D-05799213E5D9}.Debug|x86.ActiveCfg = Debug|Any CPU
		{490E50F7-CAA1-4006-825D-05799213E5D9}.Debug|x86.Build.0 = Debug|Any CPU
		{490E50F7-CAA1-4006-825D-05799213E5D9}.Debug|x86.Deploy.0 = Debug|Any CPU
		{490E50F7-CAA1-4006-825D-05799213E5D9}.Release|Any CPU.ActiveCfg = Release|Any CPU
		{490E50F7-CAA1-4006-825D-05799213E5D9}.Release|Any CPU.Build.0 = Release|Any CPU
		{490E50F7-CAA1-4006-825D-05799213E5D9}.Release|Any CPU.Deploy.0 = Release|Any CPU
		{490E50F7-CAA1-4006-825D-05799213E5D9}.Release|ARM.ActiveCfg = Release|Any CPU
		{490E50F7-CAA1-4006-825D-05799213E5D9}.Release|ARM.Build.0 = Release|Any CPU
		{490E50F7-CAA1-4006-825D-05799213E5D9}.Release|ARM.Deploy.0 = Release|Any CPU
		{490E50F7-CAA1-4006-825D-05799213E5D9}.Release|iPhone.ActiveCfg = Release|Any CPU
		{490E50F7-CAA1-4006-825D-05799213E5D9}.Release|iPhone.Build.0 = Release|Any CPU
		{490E50F7-CAA1-4006-825D-05799213E5D9}.Release|iPhone.Deploy.0 = Release|Any CPU
		{490E50F7-CAA1-4006-825D-05799213E5D9}.Release|iPhoneSimulator.ActiveCfg = Release|Any CPU
		{490E50F7-CAA1-4006-825D-05799213E5D9}.Release|iPhoneSimulator.Build.0 = Release|Any CPU
		{490E50F7-CAA1-4006-825D-05799213E5D9}.Release|iPhoneSimulator.Deploy.0 = Release|Any CPU
		{490E50F7-CAA1-4006-825D-05799213E5D9}.Release|x64.ActiveCfg = Release|Any CPU
		{490E50F7-CAA1-4006-825D-05799213E5D9}.Release|x64.Build.0 = Release|Any CPU
		{490E50F7-CAA1-4006-825D-05799213E5D9}.Release|x64.Deploy.0 = Release|Any CPU
		{490E50F7-CAA1-4006-825D-05799213E5D9}.Release|x86.ActiveCfg = Release|Any CPU
		{490E50F7-CAA1-4006-825D-05799213E5D9}.Release|x86.Build.0 = Release|Any CPU
		{490E50F7-CAA1-4006-825D-05799213E5D9}.Release|x86.Deploy.0 = Release|Any CPU
	EndGlobalSection
	GlobalSection(SolutionProperties) = preSolution
		HideSolutionNode = FALSE
	EndGlobalSection
	GlobalSection(ExtensibilityGlobals) = postSolution
		SolutionGuid = {A23033A4-4E61-4C7F-8D1A-505D0812EA97}
	EndGlobalSection
EndGlobal
